
Microsoft Visual Studio Solution File, Format Version 12.00
# Visual Studio Version 17
VisualStudioVersion = 17.2.32616.157
MinimumVisualStudioVersion = 10.0.40219.1
Project("{FAE04EC0-301F-11D3-BF4B-00C04F79EFBC}") = "stack_overload", "stack_overload.csproj", "{FDAEC320-4B08-4B71-A8ED-471FF97CBB4E}"
EndProject
Global
	GlobalSection(SolutionConfigurationPlatforms) = preSolution
		Debug|Any CPU = Debug|Any CPU
		Release|Any CPU = Release|Any CPU
	EndGlobalSection
	GlobalSection(ProjectConfigurationPlatforms) = postSolution
		{FDAEC320-4B08-4B71-A8ED-471FF97CBB4E}.Debug|Any CPU.ActiveCfg = Debug|Any CPU
		{FDAEC320-4B08-4B71-A8ED-471FF97CBB4E}.Debug|Any CPU.Build.0 = Debug|Any CPU
		{FDAEC320-4B08-4B71-A8ED-471FF97CBB4E}.Release|Any CPU.ActiveCfg = Release|Any CPU
		{FDAEC320-4B08-4B71-A8ED-471FF97CBB4E}.Release|Any CPU.Build.0 = Release|Any CPU
	EndGlobalSection
	GlobalSection(SolutionProperties) = preSolution
		HideSolutionNode = FALSE
	EndGlobalSection
	GlobalSection(ExtensibilityGlobals) = postSolution
		SolutionGuid = {0FE55352-373C-490B-81DB-23A58281FAFB}
	EndGlobalSection
EndGlobal
